
Microsoft Visual Studio Solution File, Format Version 12.00
# Visual Studio Version 17
VisualStudioVersion = 17.3.32929.385
MinimumVisualStudioVersion = 10.0.40219.1
Project("{FAE04EC0-301F-11D3-BF4B-00C04F79EFBC}") = "SkillFactoryCsharpLess1", "SkillFactoryCsharpLess1.csproj", "{74776C48-4739-4FD3-9066-C3A05FBB9443}"
EndProject
Global
	GlobalSection(SolutionConfigurationPlatforms) = preSolution
		Debug|Any CPU = Debug|Any CPU
		Release|Any CPU = Release|Any CPU
	EndGlobalSection
	GlobalSection(ProjectConfigurationPlatforms) = postSolution
		{74776C48-4739-4FD3-9066-C3A05FBB9443}.Debug|Any CPU.ActiveCfg = Debug|Any CPU
		{74776C48-4739-4FD3-9066-C3A05FBB9443}.Debug|Any CPU.Build.0 = Debug|Any CPU
		{74776C48-4739-4FD3-9066-C3A05FBB9443}.Release|Any CPU.ActiveCfg = Release|Any CPU
		{74776C48-4739-4FD3-9066-C3A05FBB9443}.Release|Any CPU.Build.0 = Release|Any CPU
	EndGlobalSection
	GlobalSection(SolutionProperties) = preSolution
		HideSolutionNode = FALSE
	EndGlobalSection
	GlobalSection(ExtensibilityGlobals) = postSolution
		SolutionGuid = {E23340D9-60ED-4AB5-ABA4-EF5A3621A64A}
	EndGlobalSection
EndGlobal
